
Microsoft Visual Studio Solution File, Format Version 12.00
# Visual Studio Version 16
VisualStudioVersion = 16.0.30517.126
MinimumVisualStudioVersion = 10.0.40219.1
Project("{FAE04EC0-301F-11D3-BF4B-00C04F79EFBC}") = "HL_Client", "HL_Client\HL_Client.csproj", "{20BA7C61-559A-43DB-8F0A-F0B5C50AB5E2}"
EndProject
Global
	GlobalSection(SolutionConfigurationPlatforms) = preSolution
		Debug|Any CPU = Debug|Any CPU
		Release|Any CPU = Release|Any CPU
	EndGlobalSection
	GlobalSection(ProjectConfigurationPlatforms) = postSolution
		{20BA7C61-559A-43DB-8F0A-F0B5C50AB5E2}.Debug|Any CPU.ActiveCfg = Debug|Any CPU
		{20BA7C61-559A-43DB-8F0A-F0B5C50AB5E2}.Debug|Any CPU.Build.0 = Debug|Any CPU
		{20BA7C61-559A-43DB-8F0A-F0B5C50AB5E2}.Release|Any CPU.ActiveCfg = Release|Any CPU
		{20BA7C61-559A-43DB-8F0A-F0B5C50AB5E2}.Release|Any CPU.Build.0 = Release|Any CPU
	EndGlobalSection
	GlobalSection(SolutionProperties) = preSolution
		HideSolutionNode = FALSE
	EndGlobalSection
	GlobalSection(ExtensibilityGlobals) = postSolution
		SolutionGuid = {F2E8259C-B574-47A7-840C-574C83F51A18}
	EndGlobalSection
EndGlobal
